
Microsoft Visual Studio Solution File, Format Version 12.00
# Visual Studio 15
VisualStudioVersion = 15.0.28010.2046
MinimumVisualStudioVersion = 10.0.40219.1
Project("{FAE04EC0-301F-11D3-BF4B-00C04F79EFBC}") = "Kraut.Prog.GridViewEditor", "Kraut.Prog.GridViewEditor\Kraut.Prog.GridViewEditor.csproj", "{964827B3-833A-407E-BAA5-CBD347105AB6}"
EndProject
Project("{FAE04EC0-301F-11D3-BF4B-00C04F79EFBC}") = "Kraut.Lib.Math", "Kraut.Lib.Math\Kraut.Lib.Math.csproj", "{FBF912CE-A7F8-4961-B049-92CBD03F408E}"
EndProject
Project("{FAE04EC0-301F-11D3-BF4B-00C04F79EFBC}") = "Kraut.Prog.FileHasher", "Kraut.Prog.FileHasher\Kraut.Prog.FileHasher.csproj", "{480B14CA-7F5D-45B6-A2EC-3DA22851508A}"
EndProject
Global
	GlobalSection(SolutionConfigurationPlatforms) = preSolution
		Debug|Any CPU = Debug|Any CPU
		Release|Any CPU = Release|Any CPU
	EndGlobalSection
	GlobalSection(ProjectConfigurationPlatforms) = postSolution
		{964827B3-833A-407E-BAA5-CBD347105AB6}.Debug|Any CPU.ActiveCfg = Debug|Any CPU
		{964827B3-833A-407E-BAA5-CBD347105AB6}.Debug|Any CPU.Build.0 = Debug|Any CPU
		{964827B3-833A-407E-BAA5-CBD347105AB6}.Release|Any CPU.ActiveCfg = Release|Any CPU
		{964827B3-833A-407E-BAA5-CBD347105AB6}.Release|Any CPU.Build.0 = Release|Any CPU
		{FBF912CE-A7F8-4961-B049-92CBD03F408E}.Debug|Any CPU.ActiveCfg = Debug|Any CPU
		{FBF912CE-A7F8-4961-B049-92CBD03F408E}.Debug|Any CPU.Build.0 = Debug|Any CPU
		{FBF912CE-A7F8-4961-B049-92CBD03F408E}.Release|Any CPU.ActiveCfg = Release|Any CPU
		{FBF912CE-A7F8-4961-B049-92CBD03F408E}.Release|Any CPU.Build.0 = Release|Any CPU
		{480B14CA-7F5D-45B6-A2EC-3DA22851508A}.Debug|Any CPU.ActiveCfg = Debug|Any CPU
		{480B14CA-7F5D-45B6-A2EC-3DA22851508A}.Debug|Any CPU.Build.0 = Debug|Any CPU
		{480B14CA-7F5D-45B6-A2EC-3DA22851508A}.Release|Any CPU.ActiveCfg = Release|Any CPU
		{480B14CA-7F5D-45B6-A2EC-3DA22851508A}.Release|Any CPU.Build.0 = Release|Any CPU
	EndGlobalSection
	GlobalSection(SolutionProperties) = preSolution
		HideSolutionNode = FALSE
	EndGlobalSection
	GlobalSection(ExtensibilityGlobals) = postSolution
		SolutionGuid = {7D244CF7-90E0-4F72-9286-69E6FD9ECDED}
	EndGlobalSection
EndGlobal
